{
  "name": "cc-packages",
  "version": "1.0.0",
  "lockfileVersion": 2,
  "requires": true,
  "packages": {
    "": {
      "version": "1.0.0",
      "license": "ISC",
      "workspaces": [
        "packages/*"
      ],
      "engines": {
        "npm": ">=7.0.0"
      }
    },
    "node_modules/@cc/core": {
      "resolved": "packages/core",
      "link": true
    },
    "node_modules/@cc/math": {
      "resolved": "packages/math",
      "link": true
    },
    "node_modules/@cc/physics": {
      "resolved": "packages/physics",
      "link": true
    },
    "packages/core": {
      "name": "@cc/core",
      "version": "1.0.0",
      "license": "ISC",
      "engines": {
        "npm": ">=7.0.0"
      }
    },
    "packages/math": {
      "name": "@cc/math",
      "version": "1.0.0",
      "license": "ISC",
      "engines": {
        "npm": ">=7.0.0"
      }
    },
    "packages/physics": {
      "name": "@cc/physics",
      "version": "1.0.0",
      "license": "ISC",
      "dependencies": {
        "@cc/core": "^1.0.0",
        "@cc/math": "^1.0.0"
      },
      "engines": {
        "npm": ">=7.0.0"
      }
    }
  },
  "dependencies": {
    "@cc/core": {
      "version": "file:packages/core"
    },
    "@cc/math": {
      "version": "file:packages/math"
    },
    "@cc/physics": {
      "version": "file:packages/physics",
      "requires": {
        "@cc/core": "^1.0.0",
        "@cc/math": "^1.0.0"
      }
    }
  }
}
